
Microsoft Visual Studio Solution File, Format Version 12.00
# Visual Studio 15
VisualStudioVersion = 15.0.28307.168
MinimumVisualStudioVersion = 10.0.40219.1
Project("{FAE04EC0-301F-11D3-BF4B-00C04F79EFBC}") = "Winleafs.Wpf", "Winleafs.Wpf.csproj", "{2BF6B8F3-55BD-4090-9945-1EC5D8D817CF}"
EndProject
Project("{9A19103F-16F7-4668-BE54-9A1E7A4F7556}") = "Winleafs.Api", "..\Nanoleaf-Api\Winleafs.Api.csproj", "{FDDFE2AD-81E1-432C-8173-7A8C89BF20F0}"
EndProject
Project("{FAE04EC0-301F-11D3-BF4B-00C04F79EFBC}") = "Winleafs.Api.Test", "..\Nanoleaf-Api-Test\Winleafs.Api.Test.csproj", "{B680085F-F093-4257-BC9B-46B5FA1B0A54}"
EndProject
Project("{9A19103F-16F7-4668-BE54-9A1E7A4F7556}") = "Winleafs.Models", "..\Nanoleaf-Models\Winleafs.Models.csproj", "{D47A3540-3E21-4F5B-8B57-A9F9EA31426E}"
EndProject
Project("{2150E333-8FDC-42A3-9474-1A3956D46DE8}") = "0 Models", "0 Models", "{04253D20-9CA2-4737-8594-C73381F4B2FB}"
EndProject
Project("{2150E333-8FDC-42A3-9474-1A3956D46DE8}") = "1 Api", "1 Api", "{A630776E-B52F-4BF0-A90E-4CCB953FE8B9}"
EndProject
Project("{2150E333-8FDC-42A3-9474-1A3956D46DE8}") = "2 Modules", "2 Modules", "{089B9C6D-57AC-461F-99B5-7B83A41BF58B}"
EndProject
Project("{2150E333-8FDC-42A3-9474-1A3956D46DE8}") = "3 Application", "3 Application", "{AE438827-4763-4197-8475-9889DC4F529C}"
EndProject
Project("{9A19103F-16F7-4668-BE54-9A1E7A4F7556}") = "Winleafs.External", "..\Winleafs.External\Winleafs.External.csproj", "{432BED7A-AAB5-4E9D-BB19-CDD4B07477B8}"
EndProject
Global
	GlobalSection(SolutionConfigurationPlatforms) = preSolution
		Debug|Any CPU = Debug|Any CPU
		Release|Any CPU = Release|Any CPU
	EndGlobalSection
	GlobalSection(ProjectConfigurationPlatforms) = postSolution
		{2BF6B8F3-55BD-4090-9945-1EC5D8D817CF}.Debug|Any CPU.ActiveCfg = Debug|Any CPU
		{2BF6B8F3-55BD-4090-9945-1EC5D8D817CF}.Debug|Any CPU.Build.0 = Debug|Any CPU
		{2BF6B8F3-55BD-4090-9945-1EC5D8D817CF}.Release|Any CPU.ActiveCfg = Release|Any CPU
		{2BF6B8F3-55BD-4090-9945-1EC5D8D817CF}.Release|Any CPU.Build.0 = Release|Any CPU
		{FDDFE2AD-81E1-432C-8173-7A8C89BF20F0}.Debug|Any CPU.ActiveCfg = Debug|Any CPU
		{FDDFE2AD-81E1-432C-8173-7A8C89BF20F0}.Debug|Any CPU.Build.0 = Debug|Any CPU
		{FDDFE2AD-81E1-432C-8173-7A8C89BF20F0}.Release|Any CPU.ActiveCfg = Release|Any CPU
		{FDDFE2AD-81E1-432C-8173-7A8C89BF20F0}.Release|Any CPU.Build.0 = Release|Any CPU
		{B680085F-F093-4257-BC9B-46B5FA1B0A54}.Debug|Any CPU.ActiveCfg = Debug|Any CPU
		{B680085F-F093-4257-BC9B-46B5FA1B0A54}.Debug|Any CPU.Build.0 = Debug|Any CPU
		{B680085F-F093-4257-BC9B-46B5FA1B0A54}.Release|Any CPU.ActiveCfg = Release|Any CPU
		{B680085F-F093-4257-BC9B-46B5FA1B0A54}.Release|Any CPU.Build.0 = Release|Any CPU
		{D47A3540-3E21-4F5B-8B57-A9F9EA31426E}.Debug|Any CPU.ActiveCfg = Debug|Any CPU
		{D47A3540-3E21-4F5B-8B57-A9F9EA31426E}.Debug|Any CPU.Build.0 = Debug|Any CPU
		{D47A3540-3E21-4F5B-8B57-A9F9EA31426E}.Release|Any CPU.ActiveCfg = Release|Any CPU
		{D47A3540-3E21-4F5B-8B57-A9F9EA31426E}.Release|Any CPU.Build.0 = Release|Any CPU
		{432BED7A-AAB5-4E9D-BB19-CDD4B07477B8}.Debug|Any CPU.ActiveCfg = Debug|Any CPU
		{432BED7A-AAB5-4E9D-BB19-CDD4B07477B8}.Debug|Any CPU.Build.0 = Debug|Any CPU
		{432BED7A-AAB5-4E9D-BB19-CDD4B07477B8}.Release|Any CPU.ActiveCfg = Release|Any CPU
		{432BED7A-AAB5-4E9D-BB19-CDD4B07477B8}.Release|Any CPU.Build.0 = Release|Any CPU
	EndGlobalSection
	GlobalSection(SolutionProperties) = preSolution
		HideSolutionNode = FALSE
	EndGlobalSection
	GlobalSection(NestedProjects) = preSolution
		{2BF6B8F3-55BD-4090-9945-1EC5D8D817CF} = {AE438827-4763-4197-8475-9889DC4F529C}
		{FDDFE2AD-81E1-432C-8173-7A8C89BF20F0} = {A630776E-B52F-4BF0-A90E-4CCB953FE8B9}
		{B680085F-F093-4257-BC9B-46B5FA1B0A54} = {A630776E-B52F-4BF0-A90E-4CCB953FE8B9}
		{D47A3540-3E21-4F5B-8B57-A9F9EA31426E} = {04253D20-9CA2-4737-8594-C73381F4B2FB}
		{432BED7A-AAB5-4E9D-BB19-CDD4B07477B8} = {A630776E-B52F-4BF0-A90E-4CCB953FE8B9}
	EndGlobalSection
	GlobalSection(ExtensibilityGlobals) = postSolution
		SolutionGuid = {80386817-4CBF-4EC3-A38E-31251DEB6BF9}
	EndGlobalSection
EndGlobal
