
Microsoft Visual Studio Solution File, Format Version 12.00
# Visual Studio Version 17
VisualStudioVersion = 17.1.32414.318
MinimumVisualStudioVersion = 10.0.40219.1
Project("{9A19103F-16F7-4668-BE54-9A1E7A4F7556}") = "Winleafs.Wpf", "Winleafs.Wpf.csproj", "{2BF6B8F3-55BD-4090-9945-1EC5D8D817CF}"
EndProject
Project("{9A19103F-16F7-4668-BE54-9A1E7A4F7556}") = "Winleafs.Nanoleaf", "..\Winleafs.Api\Winleafs.Nanoleaf.csproj", "{FDDFE2AD-81E1-432C-8173-7A8C89BF20F0}"
EndProject
Project("{9A19103F-16F7-4668-BE54-9A1E7A4F7556}") = "Winleafs.Nanoleaf.Test", "..\Winleafs.Api.Test\Winleafs.Nanoleaf.Test.csproj", "{B680085F-F093-4257-BC9B-46B5FA1B0A54}"
EndProject
Project("{9A19103F-16F7-4668-BE54-9A1E7A4F7556}") = "Winleafs.Models", "..\Winleafs.Models\Winleafs.Models.csproj", "{D47A3540-3E21-4F5B-8B57-A9F9EA31426E}"
EndProject
Project("{2150E333-8FDC-42A3-9474-1A3956D46DE8}") = "0 Models", "0 Models", "{04253D20-9CA2-4737-8594-C73381F4B2FB}"
EndProject
Project("{2150E333-8FDC-42A3-9474-1A3956D46DE8}") = "1 Api", "1 Api", "{A630776E-B52F-4BF0-A90E-4CCB953FE8B9}"
EndProject
Project("{2150E333-8FDC-42A3-9474-1A3956D46DE8}") = "2 Effects", "2 Effects", "{089B9C6D-57AC-461F-99B5-7B83A41BF58B}"
EndProject
Project("{2150E333-8FDC-42A3-9474-1A3956D46DE8}") = "3 Application", "3 Application", "{AE438827-4763-4197-8475-9889DC4F529C}"
EndProject
Project("{9A19103F-16F7-4668-BE54-9A1E7A4F7556}") = "Winleafs.External", "..\Winleafs.External\Winleafs.External.csproj", "{432BED7A-AAB5-4E9D-BB19-CDD4B07477B8}"
EndProject
Project("{930C7802-8A8C-48F9-8165-68863BCCD9DD}") = "Winleafs.Setup", "..\Winleafs.Setup\Winleafs.Setup.wixproj", "{27AF9700-52FD-4DA7-B85A-27436BC02E4F}"
EndProject
Project("{2150E333-8FDC-42A3-9474-1A3956D46DE8}") = "4 Setup", "4 Setup", "{0D100008-BECF-4FA3-909D-6B680CF7F9FF}"
EndProject
Project("{9A19103F-16F7-4668-BE54-9A1E7A4F7556}") = "Winleafs.Server", "..\Winleafs.Server\Winleafs.Server.csproj", "{24A9FF96-56D8-4E0A-AA5E-AE82BBF2B69B}"
EndProject
Project("{2150E333-8FDC-42A3-9474-1A3956D46DE8}") = "Solution Items", "Solution Items", "{E68F5CA3-56DC-4259-AA10-C4998D503C39}"
EndProject
Project("{2150E333-8FDC-42A3-9474-1A3956D46DE8}") = "5 Tests", "5 Tests", "{5D338EFE-A590-4BBE-BD26-2165DA515DA0}"
EndProject
Project("{2150E333-8FDC-42A3-9474-1A3956D46DE8}") = "6 Dev", "6 Dev", "{1D6C5E07-BF5A-47BF-BDD2-4BCE065210FD}"
EndProject
Project("{9A19103F-16F7-4668-BE54-9A1E7A4F7556}") = "Winleafs.Effects", "..\Winleafs.Effects\Winleafs.Effects.csproj", "{1631863B-FCF1-4B80-AB4E-2DA51C902241}"
EndProject
Project("{9A19103F-16F7-4668-BE54-9A1E7A4F7556}") = "Winleafs.Layouts", "..\Winleafs.Layouts\Winleafs.Layouts.csproj", "{8181AC32-73D0-4488-81E7-EAE2661CC074}"
EndProject
Project("{9A19103F-16F7-4668-BE54-9A1E7A4F7556}") = "Winleafs.Orchestration", "..\Winleafs.Orchestration\Winleafs.Orchestration.csproj", "{FC5652B3-8564-4DB9-9FBC-9B3CB37D3D6C}"
EndProject
Project("{FAE04EC0-301F-11D3-BF4B-00C04F79EFBC}") = "Winleafs.Nanoleaf.Detection", "..\Winleafs.Nanoleaf.Detection\Winleafs.Nanoleaf.Detection.csproj", "{9BF4FC26-815C-4E36-8AE2-FEB0A920C33B}"
EndProject
Global
	GlobalSection(SolutionConfigurationPlatforms) = preSolution
		Debug|Any CPU = Debug|Any CPU
		Debug|x86 = Debug|x86
		Release|Any CPU = Release|Any CPU
		Release|x86 = Release|x86
	EndGlobalSection
	GlobalSection(ProjectConfigurationPlatforms) = postSolution
		{2BF6B8F3-55BD-4090-9945-1EC5D8D817CF}.Debug|Any CPU.ActiveCfg = Debug|Any CPU
		{2BF6B8F3-55BD-4090-9945-1EC5D8D817CF}.Debug|Any CPU.Build.0 = Debug|Any CPU
		{2BF6B8F3-55BD-4090-9945-1EC5D8D817CF}.Debug|x86.ActiveCfg = Debug|Any CPU
		{2BF6B8F3-55BD-4090-9945-1EC5D8D817CF}.Debug|x86.Build.0 = Debug|Any CPU
		{2BF6B8F3-55BD-4090-9945-1EC5D8D817CF}.Release|Any CPU.ActiveCfg = Release|Any CPU
		{2BF6B8F3-55BD-4090-9945-1EC5D8D817CF}.Release|Any CPU.Build.0 = Release|Any CPU
		{2BF6B8F3-55BD-4090-9945-1EC5D8D817CF}.Release|x86.ActiveCfg = Release|Any CPU
		{2BF6B8F3-55BD-4090-9945-1EC5D8D817CF}.Release|x86.Build.0 = Release|Any CPU
		{FDDFE2AD-81E1-432C-8173-7A8C89BF20F0}.Debug|Any CPU.ActiveCfg = Debug|Any CPU
		{FDDFE2AD-81E1-432C-8173-7A8C89BF20F0}.Debug|Any CPU.Build.0 = Debug|Any CPU
		{FDDFE2AD-81E1-432C-8173-7A8C89BF20F0}.Debug|x86.ActiveCfg = Debug|Any CPU
		{FDDFE2AD-81E1-432C-8173-7A8C89BF20F0}.Debug|x86.Build.0 = Debug|Any CPU
		{FDDFE2AD-81E1-432C-8173-7A8C89BF20F0}.Release|Any CPU.ActiveCfg = Release|Any CPU
		{FDDFE2AD-81E1-432C-8173-7A8C89BF20F0}.Release|Any CPU.Build.0 = Release|Any CPU
		{FDDFE2AD-81E1-432C-8173-7A8C89BF20F0}.Release|x86.ActiveCfg = Release|Any CPU
		{FDDFE2AD-81E1-432C-8173-7A8C89BF20F0}.Release|x86.Build.0 = Release|Any CPU
		{B680085F-F093-4257-BC9B-46B5FA1B0A54}.Debug|Any CPU.ActiveCfg = Debug|Any CPU
		{B680085F-F093-4257-BC9B-46B5FA1B0A54}.Debug|Any CPU.Build.0 = Debug|Any CPU
		{B680085F-F093-4257-BC9B-46B5FA1B0A54}.Debug|x86.ActiveCfg = Debug|Any CPU
		{B680085F-F093-4257-BC9B-46B5FA1B0A54}.Debug|x86.Build.0 = Debug|Any CPU
		{B680085F-F093-4257-BC9B-46B5FA1B0A54}.Release|Any CPU.ActiveCfg = Release|Any CPU
		{B680085F-F093-4257-BC9B-46B5FA1B0A54}.Release|Any CPU.Build.0 = Release|Any CPU
		{B680085F-F093-4257-BC9B-46B5FA1B0A54}.Release|x86.ActiveCfg = Release|Any CPU
		{B680085F-F093-4257-BC9B-46B5FA1B0A54}.Release|x86.Build.0 = Release|Any CPU
		{D47A3540-3E21-4F5B-8B57-A9F9EA31426E}.Debug|Any CPU.ActiveCfg = Debug|Any CPU
		{D47A3540-3E21-4F5B-8B57-A9F9EA31426E}.Debug|Any CPU.Build.0 = Debug|Any CPU
		{D47A3540-3E21-4F5B-8B57-A9F9EA31426E}.Debug|x86.ActiveCfg = Debug|Any CPU
		{D47A3540-3E21-4F5B-8B57-A9F9EA31426E}.Debug|x86.Build.0 = Debug|Any CPU
		{D47A3540-3E21-4F5B-8B57-A9F9EA31426E}.Release|Any CPU.ActiveCfg = Release|Any CPU
		{D47A3540-3E21-4F5B-8B57-A9F9EA31426E}.Release|Any CPU.Build.0 = Release|Any CPU
		{D47A3540-3E21-4F5B-8B57-A9F9EA31426E}.Release|x86.ActiveCfg = Release|Any CPU
		{D47A3540-3E21-4F5B-8B57-A9F9EA31426E}.Release|x86.Build.0 = Release|Any CPU
		{432BED7A-AAB5-4E9D-BB19-CDD4B07477B8}.Debug|Any CPU.ActiveCfg = Debug|Any CPU
		{432BED7A-AAB5-4E9D-BB19-CDD4B07477B8}.Debug|Any CPU.Build.0 = Debug|Any CPU
		{432BED7A-AAB5-4E9D-BB19-CDD4B07477B8}.Debug|x86.ActiveCfg = Debug|Any CPU
		{432BED7A-AAB5-4E9D-BB19-CDD4B07477B8}.Debug|x86.Build.0 = Debug|Any CPU
		{432BED7A-AAB5-4E9D-BB19-CDD4B07477B8}.Release|Any CPU.ActiveCfg = Release|Any CPU
		{432BED7A-AAB5-4E9D-BB19-CDD4B07477B8}.Release|Any CPU.Build.0 = Release|Any CPU
		{432BED7A-AAB5-4E9D-BB19-CDD4B07477B8}.Release|x86.ActiveCfg = Release|Any CPU
		{432BED7A-AAB5-4E9D-BB19-CDD4B07477B8}.Release|x86.Build.0 = Release|Any CPU
		{27AF9700-52FD-4DA7-B85A-27436BC02E4F}.Debug|Any CPU.ActiveCfg = Debug|x86
		{27AF9700-52FD-4DA7-B85A-27436BC02E4F}.Debug|x86.ActiveCfg = Debug|x86
		{27AF9700-52FD-4DA7-B85A-27436BC02E4F}.Debug|x86.Build.0 = Debug|x86
		{27AF9700-52FD-4DA7-B85A-27436BC02E4F}.Release|Any CPU.ActiveCfg = Release|x86
		{27AF9700-52FD-4DA7-B85A-27436BC02E4F}.Release|x86.ActiveCfg = Release|x86
		{27AF9700-52FD-4DA7-B85A-27436BC02E4F}.Release|x86.Build.0 = Release|x86
		{24A9FF96-56D8-4E0A-AA5E-AE82BBF2B69B}.Debug|Any CPU.ActiveCfg = Debug|Any CPU
		{24A9FF96-56D8-4E0A-AA5E-AE82BBF2B69B}.Debug|Any CPU.Build.0 = Debug|Any CPU
		{24A9FF96-56D8-4E0A-AA5E-AE82BBF2B69B}.Debug|x86.ActiveCfg = Debug|Any CPU
		{24A9FF96-56D8-4E0A-AA5E-AE82BBF2B69B}.Debug|x86.Build.0 = Debug|Any CPU
		{24A9FF96-56D8-4E0A-AA5E-AE82BBF2B69B}.Release|Any CPU.ActiveCfg = Release|Any CPU
		{24A9FF96-56D8-4E0A-AA5E-AE82BBF2B69B}.Release|Any CPU.Build.0 = Release|Any CPU
		{24A9FF96-56D8-4E0A-AA5E-AE82BBF2B69B}.Release|x86.ActiveCfg = Release|Any CPU
		{24A9FF96-56D8-4E0A-AA5E-AE82BBF2B69B}.Release|x86.Build.0 = Release|Any CPU
		{1631863B-FCF1-4B80-AB4E-2DA51C902241}.Debug|Any CPU.ActiveCfg = Debug|Any CPU
		{1631863B-FCF1-4B80-AB4E-2DA51C902241}.Debug|Any CPU.Build.0 = Debug|Any CPU
		{1631863B-FCF1-4B80-AB4E-2DA51C902241}.Debug|x86.ActiveCfg = Debug|Any CPU
		{1631863B-FCF1-4B80-AB4E-2DA51C902241}.Debug|x86.Build.0 = Debug|Any CPU
		{1631863B-FCF1-4B80-AB4E-2DA51C902241}.Release|Any CPU.ActiveCfg = Release|Any CPU
		{1631863B-FCF1-4B80-AB4E-2DA51C902241}.Release|Any CPU.Build.0 = Release|Any CPU
		{1631863B-FCF1-4B80-AB4E-2DA51C902241}.Release|x86.ActiveCfg = Release|Any CPU
		{1631863B-FCF1-4B80-AB4E-2DA51C902241}.Release|x86.Build.0 = Release|Any CPU
		{8181AC32-73D0-4488-81E7-EAE2661CC074}.Debug|Any CPU.ActiveCfg = Debug|Any CPU
		{8181AC32-73D0-4488-81E7-EAE2661CC074}.Debug|Any CPU.Build.0 = Debug|Any CPU
		{8181AC32-73D0-4488-81E7-EAE2661CC074}.Debug|x86.ActiveCfg = Debug|Any CPU
		{8181AC32-73D0-4488-81E7-EAE2661CC074}.Debug|x86.Build.0 = Debug|Any CPU
		{8181AC32-73D0-4488-81E7-EAE2661CC074}.Release|Any CPU.ActiveCfg = Release|Any CPU
		{8181AC32-73D0-4488-81E7-EAE2661CC074}.Release|Any CPU.Build.0 = Release|Any CPU
		{8181AC32-73D0-4488-81E7-EAE2661CC074}.Release|x86.ActiveCfg = Release|Any CPU
		{8181AC32-73D0-4488-81E7-EAE2661CC074}.Release|x86.Build.0 = Release|Any CPU
		{FC5652B3-8564-4DB9-9FBC-9B3CB37D3D6C}.Debug|Any CPU.ActiveCfg = Debug|Any CPU
		{FC5652B3-8564-4DB9-9FBC-9B3CB37D3D6C}.Debug|Any CPU.Build.0 = Debug|Any CPU
		{FC5652B3-8564-4DB9-9FBC-9B3CB37D3D6C}.Debug|x86.ActiveCfg = Debug|Any CPU
		{FC5652B3-8564-4DB9-9FBC-9B3CB37D3D6C}.Debug|x86.Build.0 = Debug|Any CPU
		{FC5652B3-8564-4DB9-9FBC-9B3CB37D3D6C}.Release|Any CPU.ActiveCfg = Release|Any CPU
		{FC5652B3-8564-4DB9-9FBC-9B3CB37D3D6C}.Release|Any CPU.Build.0 = Release|Any CPU
		{FC5652B3-8564-4DB9-9FBC-9B3CB37D3D6C}.Release|x86.ActiveCfg = Release|Any CPU
		{FC5652B3-8564-4DB9-9FBC-9B3CB37D3D6C}.Release|x86.Build.0 = Release|Any CPU
		{9BF4FC26-815C-4E36-8AE2-FEB0A920C33B}.Debug|Any CPU.ActiveCfg = Debug|Any CPU
		{9BF4FC26-815C-4E36-8AE2-FEB0A920C33B}.Debug|Any CPU.Build.0 = Debug|Any CPU
		{9BF4FC26-815C-4E36-8AE2-FEB0A920C33B}.Debug|x86.ActiveCfg = Debug|Any CPU
		{9BF4FC26-815C-4E36-8AE2-FEB0A920C33B}.Debug|x86.Build.0 = Debug|Any CPU
		{9BF4FC26-815C-4E36-8AE2-FEB0A920C33B}.Release|Any CPU.ActiveCfg = Release|Any CPU
		{9BF4FC26-815C-4E36-8AE2-FEB0A920C33B}.Release|Any CPU.Build.0 = Release|Any CPU
		{9BF4FC26-815C-4E36-8AE2-FEB0A920C33B}.Release|x86.ActiveCfg = Release|Any CPU
		{9BF4FC26-815C-4E36-8AE2-FEB0A920C33B}.Release|x86.Build.0 = Release|Any CPU
	EndGlobalSection
	GlobalSection(SolutionProperties) = preSolution
		HideSolutionNode = FALSE
	EndGlobalSection
	GlobalSection(NestedProjects) = preSolution
		{2BF6B8F3-55BD-4090-9945-1EC5D8D817CF} = {AE438827-4763-4197-8475-9889DC4F529C}
		{FDDFE2AD-81E1-432C-8173-7A8C89BF20F0} = {A630776E-B52F-4BF0-A90E-4CCB953FE8B9}
		{B680085F-F093-4257-BC9B-46B5FA1B0A54} = {1D6C5E07-BF5A-47BF-BDD2-4BCE065210FD}
		{D47A3540-3E21-4F5B-8B57-A9F9EA31426E} = {04253D20-9CA2-4737-8594-C73381F4B2FB}
		{432BED7A-AAB5-4E9D-BB19-CDD4B07477B8} = {A630776E-B52F-4BF0-A90E-4CCB953FE8B9}
		{27AF9700-52FD-4DA7-B85A-27436BC02E4F} = {0D100008-BECF-4FA3-909D-6B680CF7F9FF}
		{24A9FF96-56D8-4E0A-AA5E-AE82BBF2B69B} = {A630776E-B52F-4BF0-A90E-4CCB953FE8B9}
		{1631863B-FCF1-4B80-AB4E-2DA51C902241} = {089B9C6D-57AC-461F-99B5-7B83A41BF58B}
		{8181AC32-73D0-4488-81E7-EAE2661CC074} = {089B9C6D-57AC-461F-99B5-7B83A41BF58B}
		{FC5652B3-8564-4DB9-9FBC-9B3CB37D3D6C} = {089B9C6D-57AC-461F-99B5-7B83A41BF58B}
		{9BF4FC26-815C-4E36-8AE2-FEB0A920C33B} = {A630776E-B52F-4BF0-A90E-4CCB953FE8B9}
	EndGlobalSection
	GlobalSection(ExtensibilityGlobals) = postSolution
		SolutionGuid = {80386817-4CBF-4EC3-A38E-31251DEB6BF9}
	EndGlobalSection
EndGlobal
